// !$*UTF8*$!
{
	archiveVersion = 1;
	classes = {
	};
	objectVersion = 50;
	objects = {

/* Begin PBXBuildFile section */
		5A84600223E3C6B8008EA25B /* AppDelegate.swift in Sources */ = {isa = PBXBuildFile; fileRef = 5A84600123E3C6B8008EA25B /* AppDelegate.swift */; };
		5A84600423E3C6B8008EA25B /* SceneDelegate.swift in Sources */ = {isa = PBXBuildFile; fileRef = 5A84600323E3C6B8008EA25B /* SceneDelegate.swift */; };
		5A84600623E3C6B8008EA25B /* ViewController.swift in Sources */ = {isa = PBXBuildFile; fileRef = 5A84600523E3C6B8008EA25B /* ViewController.swift */; };
		5A84600923E3C6B8008EA25B /* Main.storyboard in Resources */ = {isa = PBXBuildFile; fileRef = 5A84600723E3C6B8008EA25B /* Main.storyboard */; };
		5A84600B23E3C6BA008EA25B /* Assets.xcassets in Resources */ = {isa = PBXBuildFile; fileRef = 5A84600A23E3C6BA008EA25B /* Assets.xcassets */; };
		5A84600E23E3C6BA008EA25B /* LaunchScreen.storyboard in Resources */ = {isa = PBXBuildFile; fileRef = 5A84600C23E3C6BA008EA25B /* LaunchScreen.storyboard */; };
		5A84601C23E3C809008EA25B /* Media.xcassets in Resources */ = {isa = PBXBuildFile; fileRef = 5A84601B23E3C809008EA25B /* Media.xcassets */; };
		5A84601E23E3C809008EA25B /* ActionViewController.swift in Sources */ = {isa = PBXBuildFile; fileRef = 5A84601D23E3C809008EA25B /* ActionViewController.swift */; };
		5A84602123E3C809008EA25B /* MainInterface.storyboard in Resources */ = {isa = PBXBuildFile; fileRef = 5A84601F23E3C809008EA25B /* MainInterface.storyboard */; };
		5A84602523E3C809008EA25B /* Extension.appex in Embed App Extensions */ = {isa = PBXBuildFile; fileRef = 5A84601923E3C809008EA25B /* Extension.appex */; settings = {ATTRIBUTES = (RemoveHeadersOnCopy, ); }; };
		5A84602B23E3CB56008EA25B /* Action.js in Resources */ = {isa = PBXBuildFile; fileRef = 5A84602A23E3CB56008EA25B /* Action.js */; };
/* End PBXBuildFile section */

/* Begin PBXContainerItemProxy section */
		5A84602323E3C809008EA25B /* PBXContainerItemProxy */ = {
			isa = PBXContainerItemProxy;
			containerPortal = 5A845FF623E3C6B7008EA25B /* Project object */;
			proxyType = 1;
			remoteGlobalIDString = 5A84601823E3C809008EA25B;
			remoteInfo = Extension;
		};
/* End PBXContainerItemProxy section */

/* Begin PBXCopyFilesBuildPhase section */
		5A84602923E3C809008EA25B /* Embed App Extensions */ = {
			isa = PBXCopyFilesBuildPhase;
			buildActionMask = 2147483647;
			dstPath = "";
			dstSubfolderSpec = 13;
			files = (
				5A84602523E3C809008EA25B /* Extension.appex in Embed App Extensions */,
			);
			name = "Embed App Extensions";
			runOnlyForDeploymentPostprocessing = 0;
		};
/* End PBXCopyFilesBuildPhase section */

/* Begin PBXFileReference section */
		5A845FFE23E3C6B7008EA25B /* Project19.app */ = {isa = PBXFileReference; explicitFileType = wrapper.application; includeInIndex = 0; path = Project19.app; sourceTree = BUILT_PRODUCTS_DIR; };
		5A84600123E3C6B8008EA25B /* AppDelegate.swift */ = {isa = PBXFileReference; lastKnownFileType = sourcecode.swift; path = AppDelegate.swift; sourceTree = "<group>"; };
		5A84600323E3C6B8008EA25B /* SceneDelegate.swift */ = {isa = PBXFileReference; lastKnownFileType = sourcecode.swift; path = SceneDelegate.swift; sourceTree = "<group>"; };
		5A84600523E3C6B8008EA25B /* ViewController.swift */ = {isa = PBXFileReference; lastKnownFileType = sourcecode.swift; path = ViewController.swift; sourceTree = "<group>"; };
		5A84600823E3C6B8008EA25B /* Base */ = {isa = PBXFileReference; lastKnownFileType = file.storyboard; name = Base; path = Base.lproj/Main.storyboard; sourceTree = "<group>"; };
		5A84600A23E3C6BA008EA25B /* Assets.xcassets */ = {isa = PBXFileReference; lastKnownFileType = folder.assetcatalog; path = Assets.xcassets; sourceTree = "<group>"; };
		5A84600D23E3C6BA008EA25B /* Base */ = {isa = PBXFileReference; lastKnownFileType = file.storyboard; name = Base; path = Base.lproj/LaunchScreen.storyboard; sourceTree = "<group>"; };
		5A84600F23E3C6BA008EA25B /* Info.plist */ = {isa = PBXFileReference; lastKnownFileType = text.plist.xml; path = Info.plist; sourceTree = "<group>"; };
		5A84601923E3C809008EA25B /* Extension.appex */ = {isa = PBXFileReference; explicitFileType = "wrapper.app-extension"; includeInIndex = 0; path = Extension.appex; sourceTree = BUILT_PRODUCTS_DIR; };
		5A84601B23E3C809008EA25B /* Media.xcassets */ = {isa = PBXFileReference; lastKnownFileType = folder.assetcatalog; path = Media.xcassets; sourceTree = "<group>"; };
		5A84601D23E3C809008EA25B /* ActionViewController.swift */ = {isa = PBXFileReference; lastKnownFileType = sourcecode.swift; path = ActionViewController.swift; sourceTree = "<group>"; };
		5A84602023E3C809008EA25B /* Base */ = {isa = PBXFileReference; lastKnownFileType = file.storyboard; name = Base; path = Base.lproj/MainInterface.storyboard; sourceTree = "<group>"; };
		5A84602223E3C809008EA25B /* Info.plist */ = {isa = PBXFileReference; lastKnownFileType = text.plist.xml; path = Info.plist; sourceTree = "<group>"; };
		5A84602A23E3CB56008EA25B /* Action.js */ = {isa = PBXFileReference; lastKnownFileType = sourcecode.javascript; path = Action.js; sourceTree = "<group>"; };
/* End PBXFileReference section */

/* Begin PBXFrameworksBuildPhase section */
		5A845FFB23E3C6B7008EA25B /* Frameworks */ = {
			isa = PBXFrameworksBuildPhase;
			buildActionMask = 2147483647;
			files = (
			);
			runOnlyForDeploymentPostprocessing = 0;
		};
		5A84601623E3C809008EA25B /* Frameworks */ = {
			isa = PBXFrameworksBuildPhase;
			buildActionMask = 2147483647;
			files = (
			);
			runOnlyForDeploymentPostprocessing = 0;
		};
/* End PBXFrameworksBuildPhase section */

/* Begin PBXGroup section */
		5A845FF523E3C6B7008EA25B = {
			isa = PBXGroup;
			children = (
				5A84600023E3C6B7008EA25B /* Project19 */,
				5A84601A23E3C809008EA25B /* Extension */,
				5A845FFF23E3C6B7008EA25B /* Products */,
			);
			sourceTree = "<group>";
		};
		5A845FFF23E3C6B7008EA25B /* Products */ = {
			isa = PBXGroup;
			children = (
				5A845FFE23E3C6B7008EA25B /* Project19.app */,
				5A84601923E3C809008EA25B /* Extension.appex */,
			);
			name = Products;
			sourceTree = "<group>";
		};
		5A84600023E3C6B7008EA25B /* Project19 */ = {
			isa = PBXGroup;
			children = (
				5A84600123E3C6B8008EA25B /* AppDelegate.swift */,
				5A84600323E3C6B8008EA25B /* SceneDelegate.swift */,
				5A84600523E3C6B8008EA25B /* ViewController.swift */,
				5A84600723E3C6B8008EA25B /* Main.storyboard */,
				5A84600A23E3C6BA008EA25B /* Assets.xcassets */,
				5A84600C23E3C6BA008EA25B /* LaunchScreen.storyboard */,
				5A84600F23E3C6BA008EA25B /* Info.plist */,
			);
			path = Project19;
			sourceTree = "<group>";
		};
		5A84601A23E3C809008EA25B /* Extension */ = {
			isa = PBXGroup;
			children = (
				5A84601B23E3C809008EA25B /* Media.xcassets */,
				5A84601D23E3C809008EA25B /* ActionViewController.swift */,
				5A84601F23E3C809008EA25B /* MainInterface.storyboard */,
				5A84602223E3C809008EA25B /* Info.plist */,
				5A84602A23E3CB56008EA25B /* Action.js */,
			);
			path = Extension;
			sourceTree = "<group>";
		};
/* End PBXGroup section */

/* Begin PBXNativeTarget section */
		5A845FFD23E3C6B7008EA25B /* Project19 */ = {
			isa = PBXNativeTarget;
			buildConfigurationList = 5A84601223E3C6BA008EA25B /* Build configuration list for PBXNativeTarget "Project19" */;
			buildPhases = (
				5A845FFA23E3C6B7008EA25B /* Sources */,
				5A845FFB23E3C6B7008EA25B /* Frameworks */,
				5A845FFC23E3C6B7008EA25B /* Resources */,
				5A84602923E3C809008EA25B /* Embed App Extensions */,
			);
			buildRules = (
			);
			dependencies = (
				5A84602423E3C809008EA25B /* PBXTargetDependency */,
			);
			name = Project19;
			productName = Project19;
			productReference = 5A845FFE23E3C6B7008EA25B /* Project19.app */;
			productType = "com.apple.product-type.application";
		};
		5A84601823E3C809008EA25B /* Extension */ = {
			isa = PBXNativeTarget;
			buildConfigurationList = 5A84602623E3C809008EA25B /* Build configuration list for PBXNativeTarget "Extension" */;
			buildPhases = (
				5A84601523E3C809008EA25B /* Sources */,
				5A84601623E3C809008EA25B /* Frameworks */,
				5A84601723E3C809008EA25B /* Resources */,
			);
			buildRules = (
			);
			dependencies = (
			);
			name = Extension;
			productName = Extension;
			productReference = 5A84601923E3C809008EA25B /* Extension.appex */;
			productType = "com.apple.product-type.app-extension";
		};
/* End PBXNativeTarget section */

/* Begin PBXProject section */
		5A845FF623E3C6B7008EA25B /* Project object */ = {
			isa = PBXProject;
			attributes = {
				LastSwiftUpdateCheck = 1130;
				LastUpgradeCheck = 1130;
				ORGANIZATIONNAME = "Wbert Castro";
				TargetAttributes = {
					5A845FFD23E3C6B7008EA25B = {
						CreatedOnToolsVersion = 11.3.1;
					};
					5A84601823E3C809008EA25B = {
						CreatedOnToolsVersion = 11.3.1;
					};
				};
			};
			buildConfigurationList = 5A845FF923E3C6B7008EA25B /* Build configuration list for PBXProject "Project19" */;
			compatibilityVersion = "Xcode 9.3";
			developmentRegion = en;
			hasScannedForEncodings = 0;
			knownRegions = (
				en,
				Base,
			);
			mainGroup = 5A845FF523E3C6B7008EA25B;
			productRefGroup = 5A845FFF23E3C6B7008EA25B /* Products */;
			projectDirPath = "";
			projectRoot = "";
			targets = (
				5A845FFD23E3C6B7008EA25B /* Project19 */,
				5A84601823E3C809008EA25B /* Extension */,
			);
		};
/* End PBXProject section */

/* Begin PBXResourcesBuildPhase section */
		5A845FFC23E3C6B7008EA25B /* Resources */ = {
			isa = PBXResourcesBuildPhase;
			buildActionMask = 2147483647;
			files = (
				5A84600E23E3C6BA008EA25B /* LaunchScreen.storyboard in Resources */,
				5A84600B23E3C6BA008EA25B /* Assets.xcassets in Resources */,
				5A84600923E3C6B8008EA25B /* Main.storyboard in Resources */,
			);
			runOnlyForDeploymentPostprocessing = 0;
		};
		5A84601723E3C809008EA25B /* Resources */ = {
			isa = PBXResourcesBuildPhase;
			buildActionMask = 2147483647;
			files = (
				5A84602B23E3CB56008EA25B /* Action.js in Resources */,
				5A84601C23E3C809008EA25B /* Media.xcassets in Resources */,
				5A84602123E3C809008EA25B /* MainInterface.storyboard in Resources */,
			);
			runOnlyForDeploymentPostprocessing = 0;
		};
/* End PBXResourcesBuildPhase section */

/* Begin PBXSourcesBuildPhase section */
		5A845FFA23E3C6B7008EA25B /* Sources */ = {
			isa = PBXSourcesBuildPhase;
			buildActionMask = 2147483647;
			files = (
				5A84600623E3C6B8008EA25B /* ViewController.swift in Sources */,
				5A84600223E3C6B8008EA25B /* AppDelegate.swift in Sources */,
				5A84600423E3C6B8008EA25B /* SceneDelegate.swift in Sources */,
			);
			runOnlyForDeploymentPostprocessing = 0;
		};
		5A84601523E3C809008EA25B /* Sources */ = {
			isa = PBXSourcesBuildPhase;
			buildActionMask = 2147483647;
			files = (
				5A84601E23E3C809008EA25B /* ActionViewController.swift in Sources */,
			);
			runOnlyForDeploymentPostprocessing = 0;
		};
/* End PBXSourcesBuildPhase section */

/* Begin PBXTargetDependency section */
		5A84602423E3C809008EA25B /* PBXTargetDependency */ = {
			isa = PBXTargetDependency;
			target = 5A84601823E3C809008EA25B /* Extension */;
			targetProxy = 5A84602323E3C809008EA25B /* PBXContainerItemProxy */;
		};
/* End PBXTargetDependency section */

/* Begin PBXVariantGroup section */
		5A84600723E3C6B8008EA25B /* Main.storyboard */ = {
			isa = PBXVariantGroup;
			children = (
				5A84600823E3C6B8008EA25B /* Base */,
			);
			name = Main.storyboard;
			sourceTree = "<group>";
		};
		5A84600C23E3C6BA008EA25B /* LaunchScreen.storyboard */ = {
			isa = PBXVariantGroup;
			children = (
				5A84600D23E3C6BA008EA25B /* Base */,
			);
			name = LaunchScreen.storyboard;
			sourceTree = "<group>";
		};
		5A84601F23E3C809008EA25B /* MainInterface.storyboard */ = {
			isa = PBXVariantGroup;
			children = (
				5A84602023E3C809008EA25B /* Base */,
			);
			name = MainInterface.storyboard;
			sourceTree = "<group>";
		};
/* End PBXVariantGroup section */

/* Begin XCBuildConfiguration section */
		5A84601023E3C6BA008EA25B /* Debug */ = {
			isa = XCBuildConfiguration;
			buildSettings = {
				ALWAYS_SEARCH_USER_PATHS = NO;
				CLANG_ANALYZER_NONNULL = YES;
				CLANG_ANALYZER_NUMBER_OBJECT_CONVERSION = YES_AGGRESSIVE;
				CLANG_CXX_LANGUAGE_STANDARD = "gnu++14";
				CLANG_CXX_LIBRARY = "libc++";
				CLANG_ENABLE_MODULES = YES;
				CLANG_ENABLE_OBJC_ARC = YES;
				CLANG_ENABLE_OBJC_WEAK = YES;
				CLANG_WARN_BLOCK_CAPTURE_AUTORELEASING = YES;
				CLANG_WARN_BOOL_CONVERSION = YES;
				CLANG_WARN_COMMA = YES;
				CLANG_WARN_CONSTANT_CONVERSION = YES;
				CLANG_WARN_DEPRECATED_OBJC_IMPLEMENTATIONS = YES;
				CLANG_WARN_DIRECT_OBJC_ISA_USAGE = YES_ERROR;
				CLANG_WARN_DOCUMENTATION_COMMENTS = YES;
				CLANG_WARN_EMPTY_BODY = YES;
				CLANG_WARN_ENUM_CONVERSION = YES;
				CLANG_WARN_INFINITE_RECURSION = YES;
				CLANG_WARN_INT_CONVERSION = YES;
				CLANG_WARN_NON_LITERAL_NULL_CONVERSION = YES;
				CLANG_WARN_OBJC_IMPLICIT_RETAIN_SELF = YES;
				CLANG_WARN_OBJC_LITERAL_CONVERSION = YES;
				CLANG_WARN_OBJC_ROOT_CLASS = YES_ERROR;
				CLANG_WARN_RANGE_LOOP_ANALYSIS = YES;
				CLANG_WARN_STRICT_PROTOTYPES = YES;
				CLANG_WARN_SUSPICIOUS_MOVE = YES;
				CLANG_WARN_UNGUARDED_AVAILABILITY = YES_AGGRESSIVE;
				CLANG_WARN_UNREACHABLE_CODE = YES;
				CLANG_WARN__DUPLICATE_METHOD_MATCH = YES;
				COPY_PHASE_STRIP = NO;
				DEBUG_INFORMATION_FORMAT = dwarf;
				ENABLE_STRICT_OBJC_MSGSEND = YES;
				ENABLE_TESTABILITY = YES;
				GCC_C_LANGUAGE_STANDARD = gnu11;
				GCC_DYNAMIC_NO_PIC = NO;
				GCC_NO_COMMON_BLOCKS = YES;
				GCC_OPTIMIZATION_LEVEL = 0;
				GCC_PREPROCESSOR_DEFINITIONS = (
					"DEBUG=1",
					"$(inherited)",
				);
				GCC_WARN_64_TO_32_BIT_CONVERSION = YES;
				GCC_WARN_ABOUT_RETURN_TYPE = YES_ERROR;
				GCC_WARN_UNDECLARED_SELECTOR = YES;
				GCC_WARN_UNINITIALIZED_AUTOS = YES_AGGRESSIVE;
				GCC_WARN_UNUSED_FUNCTION = YES;
				GCC_WARN_UNUSED_VARIABLE = YES;
				IPHONEOS_DEPLOYMENT_TARGET = 13.2;
				MTL_ENABLE_DEBUG_INFO = INCLUDE_SOURCE;
				MTL_FAST_MATH = YES;
				ONLY_ACTIVE_ARCH = YES;
				SDKROOT = iphoneos;
				SWIFT_ACTIVE_COMPILATION_CONDITIONS = DEBUG;
				SWIFT_OPTIMIZATION_LEVEL = "-Onone";
			};
			name = Debug;
		};
		5A84601123E3C6BA008EA25B /* Release */ = {
			isa = XCBuildConfiguration;
			buildSettings = {
				ALWAYS_SEARCH_USER_PATHS = NO;
				CLANG_ANALYZER_NONNULL = YES;
				CLANG_ANALYZER_NUMBER_OBJECT_CONVERSION = YES_AGGRESSIVE;
				CLANG_CXX_LANGUAGE_STANDARD = "gnu++14";
				CLANG_CXX_LIBRARY = "libc++";
				CLANG_ENABLE_MODULES = YES;
				CLANG_ENABLE_OBJC_ARC = YES;
				CLANG_ENABLE_OBJC_WEAK = YES;
				CLANG_WARN_BLOCK_CAPTURE_AUTORELEASING = YES;
				CLANG_WARN_BOOL_CONVERSION = YES;
				CLANG_WARN_COMMA = YES;
				CLANG_WARN_CONSTANT_CONVERSION = YES;
				CLANG_WARN_DEPRECATED_OBJC_IMPLEMENTATIONS = YES;
				CLANG_WARN_DIRECT_OBJC_ISA_USAGE = YES_ERROR;
				CLANG_WARN_DOCUMENTATION_COMMENTS = YES;
				CLANG_WARN_EMPTY_BODY = YES;
				CLANG_WARN_ENUM_CONVERSION = YES;
				CLANG_WARN_INFINITE_RECURSION = YES;
				CLANG_WARN_INT_CONVERSION = YES;
				CLANG_WARN_NON_LITERAL_NULL_CONVERSION = YES;
				CLANG_WARN_OBJC_IMPLICIT_RETAIN_SELF = YES;
				CLANG_WARN_OBJC_LITERAL_CONVERSION = YES;
				CLANG_WARN_OBJC_ROOT_CLASS = YES_ERROR;
				CLANG_WARN_RANGE_LOOP_ANALYSIS = YES;
				CLANG_WARN_STRICT_PROTOTYPES = YES;
				CLANG_WARN_SUSPICIOUS_MOVE = YES;
				CLANG_WARN_UNGUARDED_AVAILABILITY = YES_AGGRESSIVE;
				CLANG_WARN_UNREACHABLE_CODE = YES;
				CLANG_WARN__DUPLICATE_METHOD_MATCH = YES;
				COPY_PHASE_STRIP = NO;
				DEBUG_INFORMATION_FORMAT = "dwarf-with-dsym";
				ENABLE_NS_ASSERTIONS = NO;
				ENABLE_STRICT_OBJC_MSGSEND = YES;
				GCC_C_LANGUAGE_STANDARD = gnu11;
				GCC_NO_COMMON_BLOCKS = YES;
				GCC_WARN_64_TO_32_BIT_CONVERSION = YES;
				GCC_WARN_ABOUT_RETURN_TYPE = YES_ERROR;
				GCC_WARN_UNDECLARED_SELECTOR = YES;
				GCC_WARN_UNINITIALIZED_AUTOS = YES_AGGRESSIVE;
				GCC_WARN_UNUSED_FUNCTION = YES;
				GCC_WARN_UNUSED_VARIABLE = YES;
				IPHONEOS_DEPLOYMENT_TARGET = 13.2;
				MTL_ENABLE_DEBUG_INFO = NO;
				MTL_FAST_MATH = YES;
				SDKROOT = iphoneos;
				SWIFT_COMPILATION_MODE = wholemodule;
				SWIFT_OPTIMIZATION_LEVEL = "-O";
				VALIDATE_PRODUCT = YES;
			};
			name = Release;
		};
		5A84601323E3C6BA008EA25B /* Debug */ = {
			isa = XCBuildConfiguration;
			buildSettings = {
				ALWAYS_EMBED_SWIFT_STANDARD_LIBRARIES = YES;
				ASSETCATALOG_COMPILER_APPICON_NAME = AppIcon;
				CODE_SIGN_STYLE = Automatic;
				DEVELOPMENT_TEAM = UQG2BU3393;
				INFOPLIST_FILE = Project19/Info.plist;
				LD_RUNPATH_SEARCH_PATHS = (
					"$(inherited)",
					"@executable_path/Frameworks",
				);
				PRODUCT_BUNDLE_IDENTIFIER = com.example.dobleu.Project19;
				PRODUCT_NAME = "$(TARGET_NAME)";
				SWIFT_VERSION = 5.0;
				TARGETED_DEVICE_FAMILY = "1,2";
			};
			name = Debug;
		};
		5A84601423E3C6BA008EA25B /* Release */ = {
			isa = XCBuildConfiguration;
			buildSettings = {
				ALWAYS_EMBED_SWIFT_STANDARD_LIBRARIES = YES;
				ASSETCATALOG_COMPILER_APPICON_NAME = AppIcon;
				CODE_SIGN_STYLE = Automatic;
				DEVELOPMENT_TEAM = UQG2BU3393;
				INFOPLIST_FILE = Project19/Info.plist;
				LD_RUNPATH_SEARCH_PATHS = (
					"$(inherited)",
					"@executable_path/Frameworks",
				);
				PRODUCT_BUNDLE_IDENTIFIER = com.example.dobleu.Project19;
				PRODUCT_NAME = "$(TARGET_NAME)";
				SWIFT_VERSION = 5.0;
				TARGETED_DEVICE_FAMILY = "1,2";
			};
			name = Release;
		};
		5A84602723E3C809008EA25B /* Debug */ = {
			isa = XCBuildConfiguration;
			buildSettings = {
				CODE_SIGN_STYLE = Automatic;
				DEVELOPMENT_TEAM = UQG2BU3393;
				INFOPLIST_FILE = Extension/Info.plist;
				LD_RUNPATH_SEARCH_PATHS = (
					"$(inherited)",
					"@executable_path/Frameworks",
					"@executable_path/../../Frameworks",
				);
				PRODUCT_BUNDLE_IDENTIFIER = com.example.dobleu.Project19.Extension;
				PRODUCT_NAME = "$(TARGET_NAME)";
				SKIP_INSTALL = YES;
				SWIFT_VERSION = 5.0;
				TARGETED_DEVICE_FAMILY = "1,2";
			};
			name = Debug;
		};
		5A84602823E3C809008EA25B /* Release */ = {
			isa = XCBuildConfiguration;
			buildSettings = {
				CODE_SIGN_STYLE = Automatic;
				DEVELOPMENT_TEAM = UQG2BU3393;
				INFOPLIST_FILE = Extension/Info.plist;
				LD_RUNPATH_SEARCH_PATHS = (
					"$(inherited)",
					"@executable_path/Frameworks",
					"@executable_path/../../Frameworks",
				);
				PRODUCT_BUNDLE_IDENTIFIER = com.example.dobleu.Project19.Extension;
				PRODUCT_NAME = "$(TARGET_NAME)";
				SKIP_INSTALL = YES;
				SWIFT_VERSION = 5.0;
				TARGETED_DEVICE_FAMILY = "1,2";
			};
			name = Release;
		};
/* End XCBuildConfiguration section */

/* Begin XCConfigurationList section */
		5A845FF923E3C6B7008EA25B /* Build configuration list for PBXProject "Project19" */ = {
			isa = XCConfigurationList;
			buildConfigurations = (
				5A84601023E3C6BA008EA25B /* Debug */,
				5A84601123E3C6BA008EA25B /* Release */,
			);
			defaultConfigurationIsVisible = 0;
			defaultConfigurationName = Release;
		};
		5A84601223E3C6BA008EA25B /* Build configuration list for PBXNativeTarget "Project19" */ = {
			isa = XCConfigurationList;
			buildConfigurations = (
				5A84601323E3C6BA008EA25B /* Debug */,
				5A84601423E3C6BA008EA25B /* Release */,
			);
			defaultConfigurationIsVisible = 0;
			defaultConfigurationName = Release;
		};
		5A84602623E3C809008EA25B /* Build configuration list for PBXNativeTarget "Extension" */ = {
			isa = XCConfigurationList;
			buildConfigurations = (
				5A84602723E3C809008EA25B /* Debug */,
				5A84602823E3C809008EA25B /* Release */,
			);
			defaultConfigurationIsVisible = 0;
			defaultConfigurationName = Release;
		};
/* End XCConfigurationList section */
	};
	rootObject = 5A845FF623E3C6B7008EA25B /* Project object */;
}
