// !$*UTF8*$!
{
	archiveVersion = 1;
	classes = {
	};
	objectVersion = 50;
	objects = {

/* Begin PBXBuildFile section */
		5ADDEC8E23EA5A0D0047789E /* AppDelegate.swift in Sources */ = {isa = PBXBuildFile; fileRef = 5ADDEC8D23EA5A0D0047789E /* AppDelegate.swift */; };
		5ADDEC9023EA5A0D0047789E /* SceneDelegate.swift in Sources */ = {isa = PBXBuildFile; fileRef = 5ADDEC8F23EA5A0D0047789E /* SceneDelegate.swift */; };
		5ADDEC9223EA5A0D0047789E /* ViewController.swift in Sources */ = {isa = PBXBuildFile; fileRef = 5ADDEC9123EA5A0D0047789E /* ViewController.swift */; };
		5ADDEC9523EA5A0D0047789E /* Main.storyboard in Resources */ = {isa = PBXBuildFile; fileRef = 5ADDEC9323EA5A0D0047789E /* Main.storyboard */; };
		5ADDEC9723EA5A0F0047789E /* Assets.xcassets in Resources */ = {isa = PBXBuildFile; fileRef = 5ADDEC9623EA5A0F0047789E /* Assets.xcassets */; };
		5ADDEC9A23EA5A0F0047789E /* LaunchScreen.storyboard in Resources */ = {isa = PBXBuildFile; fileRef = 5ADDEC9823EA5A0F0047789E /* LaunchScreen.storyboard */; };
/* End PBXBuildFile section */

/* Begin PBXFileReference section */
		5ADDEC8A23EA5A0D0047789E /* Project21.app */ = {isa = PBXFileReference; explicitFileType = wrapper.application; includeInIndex = 0; path = Project21.app; sourceTree = BUILT_PRODUCTS_DIR; };
		5ADDEC8D23EA5A0D0047789E /* AppDelegate.swift */ = {isa = PBXFileReference; lastKnownFileType = sourcecode.swift; path = AppDelegate.swift; sourceTree = "<group>"; };
		5ADDEC8F23EA5A0D0047789E /* SceneDelegate.swift */ = {isa = PBXFileReference; lastKnownFileType = sourcecode.swift; path = SceneDelegate.swift; sourceTree = "<group>"; };
		5ADDEC9123EA5A0D0047789E /* ViewController.swift */ = {isa = PBXFileReference; lastKnownFileType = sourcecode.swift; path = ViewController.swift; sourceTree = "<group>"; };
		5ADDEC9423EA5A0D0047789E /* Base */ = {isa = PBXFileReference; lastKnownFileType = file.storyboard; name = Base; path = Base.lproj/Main.storyboard; sourceTree = "<group>"; };
		5ADDEC9623EA5A0F0047789E /* Assets.xcassets */ = {isa = PBXFileReference; lastKnownFileType = folder.assetcatalog; path = Assets.xcassets; sourceTree = "<group>"; };
		5ADDEC9923EA5A0F0047789E /* Base */ = {isa = PBXFileReference; lastKnownFileType = file.storyboard; name = Base; path = Base.lproj/LaunchScreen.storyboard; sourceTree = "<group>"; };
		5ADDEC9B23EA5A0F0047789E /* Info.plist */ = {isa = PBXFileReference; lastKnownFileType = text.plist.xml; path = Info.plist; sourceTree = "<group>"; };
/* End PBXFileReference section */

/* Begin PBXFrameworksBuildPhase section */
		5ADDEC8723EA5A0D0047789E /* Frameworks */ = {
			isa = PBXFrameworksBuildPhase;
			buildActionMask = 2147483647;
			files = (
			);
			runOnlyForDeploymentPostprocessing = 0;
		};
/* End PBXFrameworksBuildPhase section */

/* Begin PBXGroup section */
		5ADDEC8123EA5A0D0047789E = {
			isa = PBXGroup;
			children = (
				5ADDEC8C23EA5A0D0047789E /* Project21 */,
				5ADDEC8B23EA5A0D0047789E /* Products */,
			);
			sourceTree = "<group>";
		};
		5ADDEC8B23EA5A0D0047789E /* Products */ = {
			isa = PBXGroup;
			children = (
				5ADDEC8A23EA5A0D0047789E /* Project21.app */,
			);
			name = Products;
			sourceTree = "<group>";
		};
		5ADDEC8C23EA5A0D0047789E /* Project21 */ = {
			isa = PBXGroup;
			children = (
				5ADDEC8D23EA5A0D0047789E /* AppDelegate.swift */,
				5ADDEC8F23EA5A0D0047789E /* SceneDelegate.swift */,
				5ADDEC9123EA5A0D0047789E /* ViewController.swift */,
				5ADDEC9323EA5A0D0047789E /* Main.storyboard */,
				5ADDEC9623EA5A0F0047789E /* Assets.xcassets */,
				5ADDEC9823EA5A0F0047789E /* LaunchScreen.storyboard */,
				5ADDEC9B23EA5A0F0047789E /* Info.plist */,
			);
			path = Project21;
			sourceTree = "<group>";
		};
/* End PBXGroup section */

/* Begin PBXNativeTarget section */
		5ADDEC8923EA5A0D0047789E /* Project21 */ = {
			isa = PBXNativeTarget;
			buildConfigurationList = 5ADDEC9E23EA5A0F0047789E /* Build configuration list for PBXNativeTarget "Project21" */;
			buildPhases = (
				5ADDEC8623EA5A0D0047789E /* Sources */,
				5ADDEC8723EA5A0D0047789E /* Frameworks */,
				5ADDEC8823EA5A0D0047789E /* Resources */,
			);
			buildRules = (
			);
			dependencies = (
			);
			name = Project21;
			productName = Project21;
			productReference = 5ADDEC8A23EA5A0D0047789E /* Project21.app */;
			productType = "com.apple.product-type.application";
		};
/* End PBXNativeTarget section */

/* Begin PBXProject section */
		5ADDEC8223EA5A0D0047789E /* Project object */ = {
			isa = PBXProject;
			attributes = {
				LastSwiftUpdateCheck = 1130;
				LastUpgradeCheck = 1130;
				ORGANIZATIONNAME = "Wbert Castro";
				TargetAttributes = {
					5ADDEC8923EA5A0D0047789E = {
						CreatedOnToolsVersion = 11.3.1;
					};
				};
			};
			buildConfigurationList = 5ADDEC8523EA5A0D0047789E /* Build configuration list for PBXProject "Project21" */;
			compatibilityVersion = "Xcode 9.3";
			developmentRegion = en;
			hasScannedForEncodings = 0;
			knownRegions = (
				en,
				Base,
			);
			mainGroup = 5ADDEC8123EA5A0D0047789E;
			productRefGroup = 5ADDEC8B23EA5A0D0047789E /* Products */;
			projectDirPath = "";
			projectRoot = "";
			targets = (
				5ADDEC8923EA5A0D0047789E /* Project21 */,
			);
		};
/* End PBXProject section */

/* Begin PBXResourcesBuildPhase section */
		5ADDEC8823EA5A0D0047789E /* Resources */ = {
			isa = PBXResourcesBuildPhase;
			buildActionMask = 2147483647;
			files = (
				5ADDEC9A23EA5A0F0047789E /* LaunchScreen.storyboard in Resources */,
				5ADDEC9723EA5A0F0047789E /* Assets.xcassets in Resources */,
				5ADDEC9523EA5A0D0047789E /* Main.storyboard in Resources */,
			);
			runOnlyForDeploymentPostprocessing = 0;
		};
/* End PBXResourcesBuildPhase section */

/* Begin PBXSourcesBuildPhase section */
		5ADDEC8623EA5A0D0047789E /* Sources */ = {
			isa = PBXSourcesBuildPhase;
			buildActionMask = 2147483647;
			files = (
				5ADDEC9223EA5A0D0047789E /* ViewController.swift in Sources */,
				5ADDEC8E23EA5A0D0047789E /* AppDelegate.swift in Sources */,
				5ADDEC9023EA5A0D0047789E /* SceneDelegate.swift in Sources */,
			);
			runOnlyForDeploymentPostprocessing = 0;
		};
/* End PBXSourcesBuildPhase section */

/* Begin PBXVariantGroup section */
		5ADDEC9323EA5A0D0047789E /* Main.storyboard */ = {
			isa = PBXVariantGroup;
			children = (
				5ADDEC9423EA5A0D0047789E /* Base */,
			);
			name = Main.storyboard;
			sourceTree = "<group>";
		};
		5ADDEC9823EA5A0F0047789E /* LaunchScreen.storyboard */ = {
			isa = PBXVariantGroup;
			children = (
				5ADDEC9923EA5A0F0047789E /* Base */,
			);
			name = LaunchScreen.storyboard;
			sourceTree = "<group>";
		};
/* End PBXVariantGroup section */

/* Begin XCBuildConfiguration section */
		5ADDEC9C23EA5A0F0047789E /* Debug */ = {
			isa = XCBuildConfiguration;
			buildSettings = {
				ALWAYS_SEARCH_USER_PATHS = NO;
				CLANG_ANALYZER_NONNULL = YES;
				CLANG_ANALYZER_NUMBER_OBJECT_CONVERSION = YES_AGGRESSIVE;
				CLANG_CXX_LANGUAGE_STANDARD = "gnu++14";
				CLANG_CXX_LIBRARY = "libc++";
				CLANG_ENABLE_MODULES = YES;
				CLANG_ENABLE_OBJC_ARC = YES;
				CLANG_ENABLE_OBJC_WEAK = YES;
				CLANG_WARN_BLOCK_CAPTURE_AUTORELEASING = YES;
				CLANG_WARN_BOOL_CONVERSION = YES;
				CLANG_WARN_COMMA = YES;
				CLANG_WARN_CONSTANT_CONVERSION = YES;
				CLANG_WARN_DEPRECATED_OBJC_IMPLEMENTATIONS = YES;
				CLANG_WARN_DIRECT_OBJC_ISA_USAGE = YES_ERROR;
				CLANG_WARN_DOCUMENTATION_COMMENTS = YES;
				CLANG_WARN_EMPTY_BODY = YES;
				CLANG_WARN_ENUM_CONVERSION = YES;
				CLANG_WARN_INFINITE_RECURSION = YES;
				CLANG_WARN_INT_CONVERSION = YES;
				CLANG_WARN_NON_LITERAL_NULL_CONVERSION = YES;
				CLANG_WARN_OBJC_IMPLICIT_RETAIN_SELF = YES;
				CLANG_WARN_OBJC_LITERAL_CONVERSION = YES;
				CLANG_WARN_OBJC_ROOT_CLASS = YES_ERROR;
				CLANG_WARN_RANGE_LOOP_ANALYSIS = YES;
				CLANG_WARN_STRICT_PROTOTYPES = YES;
				CLANG_WARN_SUSPICIOUS_MOVE = YES;
				CLANG_WARN_UNGUARDED_AVAILABILITY = YES_AGGRESSIVE;
				CLANG_WARN_UNREACHABLE_CODE = YES;
				CLANG_WARN__DUPLICATE_METHOD_MATCH = YES;
				COPY_PHASE_STRIP = NO;
				DEBUG_INFORMATION_FORMAT = dwarf;
				ENABLE_STRICT_OBJC_MSGSEND = YES;
				ENABLE_TESTABILITY = YES;
				GCC_C_LANGUAGE_STANDARD = gnu11;
				GCC_DYNAMIC_NO_PIC = NO;
				GCC_NO_COMMON_BLOCKS = YES;
				GCC_OPTIMIZATION_LEVEL = 0;
				GCC_PREPROCESSOR_DEFINITIONS = (
					"DEBUG=1",
					"$(inherited)",
				);
				GCC_WARN_64_TO_32_BIT_CONVERSION = YES;
				GCC_WARN_ABOUT_RETURN_TYPE = YES_ERROR;
				GCC_WARN_UNDECLARED_SELECTOR = YES;
				GCC_WARN_UNINITIALIZED_AUTOS = YES_AGGRESSIVE;
				GCC_WARN_UNUSED_FUNCTION = YES;
				GCC_WARN_UNUSED_VARIABLE = YES;
				IPHONEOS_DEPLOYMENT_TARGET = 13.2;
				MTL_ENABLE_DEBUG_INFO = INCLUDE_SOURCE;
				MTL_FAST_MATH = YES;
				ONLY_ACTIVE_ARCH = YES;
				SDKROOT = iphoneos;
				SWIFT_ACTIVE_COMPILATION_CONDITIONS = DEBUG;
				SWIFT_OPTIMIZATION_LEVEL = "-Onone";
			};
			name = Debug;
		};
		5ADDEC9D23EA5A0F0047789E /* Release */ = {
			isa = XCBuildConfiguration;
			buildSettings = {
				ALWAYS_SEARCH_USER_PATHS = NO;
				CLANG_ANALYZER_NONNULL = YES;
				CLANG_ANALYZER_NUMBER_OBJECT_CONVERSION = YES_AGGRESSIVE;
				CLANG_CXX_LANGUAGE_STANDARD = "gnu++14";
				CLANG_CXX_LIBRARY = "libc++";
				CLANG_ENABLE_MODULES = YES;
				CLANG_ENABLE_OBJC_ARC = YES;
				CLANG_ENABLE_OBJC_WEAK = YES;
				CLANG_WARN_BLOCK_CAPTURE_AUTORELEASING = YES;
				CLANG_WARN_BOOL_CONVERSION = YES;
				CLANG_WARN_COMMA = YES;
				CLANG_WARN_CONSTANT_CONVERSION = YES;
				CLANG_WARN_DEPRECATED_OBJC_IMPLEMENTATIONS = YES;
				CLANG_WARN_DIRECT_OBJC_ISA_USAGE = YES_ERROR;
				CLANG_WARN_DOCUMENTATION_COMMENTS = YES;
				CLANG_WARN_EMPTY_BODY = YES;
				CLANG_WARN_ENUM_CONVERSION = YES;
				CLANG_WARN_INFINITE_RECURSION = YES;
				CLANG_WARN_INT_CONVERSION = YES;
				CLANG_WARN_NON_LITERAL_NULL_CONVERSION = YES;
				CLANG_WARN_OBJC_IMPLICIT_RETAIN_SELF = YES;
				CLANG_WARN_OBJC_LITERAL_CONVERSION = YES;
				CLANG_WARN_OBJC_ROOT_CLASS = YES_ERROR;
				CLANG_WARN_RANGE_LOOP_ANALYSIS = YES;
				CLANG_WARN_STRICT_PROTOTYPES = YES;
				CLANG_WARN_SUSPICIOUS_MOVE = YES;
				CLANG_WARN_UNGUARDED_AVAILABILITY = YES_AGGRESSIVE;
				CLANG_WARN_UNREACHABLE_CODE = YES;
				CLANG_WARN__DUPLICATE_METHOD_MATCH = YES;
				COPY_PHASE_STRIP = NO;
				DEBUG_INFORMATION_FORMAT = "dwarf-with-dsym";
				ENABLE_NS_ASSERTIONS = NO;
				ENABLE_STRICT_OBJC_MSGSEND = YES;
				GCC_C_LANGUAGE_STANDARD = gnu11;
				GCC_NO_COMMON_BLOCKS = YES;
				GCC_WARN_64_TO_32_BIT_CONVERSION = YES;
				GCC_WARN_ABOUT_RETURN_TYPE = YES_ERROR;
				GCC_WARN_UNDECLARED_SELECTOR = YES;
				GCC_WARN_UNINITIALIZED_AUTOS = YES_AGGRESSIVE;
				GCC_WARN_UNUSED_FUNCTION = YES;
				GCC_WARN_UNUSED_VARIABLE = YES;
				IPHONEOS_DEPLOYMENT_TARGET = 13.2;
				MTL_ENABLE_DEBUG_INFO = NO;
				MTL_FAST_MATH = YES;
				SDKROOT = iphoneos;
				SWIFT_COMPILATION_MODE = wholemodule;
				SWIFT_OPTIMIZATION_LEVEL = "-O";
				VALIDATE_PRODUCT = YES;
			};
			name = Release;
		};
		5ADDEC9F23EA5A0F0047789E /* Debug */ = {
			isa = XCBuildConfiguration;
			buildSettings = {
				ASSETCATALOG_COMPILER_APPICON_NAME = AppIcon;
				CODE_SIGN_STYLE = Automatic;
				DEVELOPMENT_TEAM = UQG2BU3393;
				INFOPLIST_FILE = Project21/Info.plist;
				LD_RUNPATH_SEARCH_PATHS = (
					"$(inherited)",
					"@executable_path/Frameworks",
				);
				PRODUCT_BUNDLE_IDENTIFIER = com.example.dobleu.Project21;
				PRODUCT_NAME = "$(TARGET_NAME)";
				SWIFT_VERSION = 5.0;
				TARGETED_DEVICE_FAMILY = "1,2";
			};
			name = Debug;
		};
		5ADDECA023EA5A0F0047789E /* Release */ = {
			isa = XCBuildConfiguration;
			buildSettings = {
				ASSETCATALOG_COMPILER_APPICON_NAME = AppIcon;
				CODE_SIGN_STYLE = Automatic;
				DEVELOPMENT_TEAM = UQG2BU3393;
				INFOPLIST_FILE = Project21/Info.plist;
				LD_RUNPATH_SEARCH_PATHS = (
					"$(inherited)",
					"@executable_path/Frameworks",
				);
				PRODUCT_BUNDLE_IDENTIFIER = com.example.dobleu.Project21;
				PRODUCT_NAME = "$(TARGET_NAME)";
				SWIFT_VERSION = 5.0;
				TARGETED_DEVICE_FAMILY = "1,2";
			};
			name = Release;
		};
/* End XCBuildConfiguration section */

/* Begin XCConfigurationList section */
		5ADDEC8523EA5A0D0047789E /* Build configuration list for PBXProject "Project21" */ = {
			isa = XCConfigurationList;
			buildConfigurations = (
				5ADDEC9C23EA5A0F0047789E /* Debug */,
				5ADDEC9D23EA5A0F0047789E /* Release */,
			);
			defaultConfigurationIsVisible = 0;
			defaultConfigurationName = Release;
		};
		5ADDEC9E23EA5A0F0047789E /* Build configuration list for PBXNativeTarget "Project21" */ = {
			isa = XCConfigurationList;
			buildConfigurations = (
				5ADDEC9F23EA5A0F0047789E /* Debug */,
				5ADDECA023EA5A0F0047789E /* Release */,
			);
			defaultConfigurationIsVisible = 0;
			defaultConfigurationName = Release;
		};
/* End XCConfigurationList section */
	};
	rootObject = 5ADDEC8223EA5A0D0047789E /* Project object */;
}
